
Microsoft Visual Studio Solution File, Format Version 12.00
# Visual Studio 15
VisualStudioVersion = 15.0.26730.16
MinimumVisualStudioVersion = 10.0.40219.1
Project("{9A19103F-16F7-4668-BE54-9A1E7A4F7556}") = "StudentSystem", "StudentSystem\StudentSystem.csproj", "{F1B01634-2547-4D98-9E6C-DF2C9C44B0D6}"
EndProject
Project("{FAE04EC0-301F-11D3-BF4B-00C04F79EFBC}") = "SocialNetwork", "SocialNetwork\SocialNetwork.csproj", "{ADD324D9-4978-4B0A-8BE5-5E9482C57891}"
EndProject
Project("{FAE04EC0-301F-11D3-BF4B-00C04F79EFBC}") = "BankSystem", "BankSystem\BankSystem.csproj", "{5ED4991B-19E1-45FE-ACB6-2854186561F3}"
EndProject
Global
	GlobalSection(SolutionConfigurationPlatforms) = preSolution
		Debug|Any CPU = Debug|Any CPU
		Release|Any CPU = Release|Any CPU
	EndGlobalSection
	GlobalSection(ProjectConfigurationPlatforms) = postSolution
		{F1B01634-2547-4D98-9E6C-DF2C9C44B0D6}.Debug|Any CPU.ActiveCfg = Debug|Any CPU
		{F1B01634-2547-4D98-9E6C-DF2C9C44B0D6}.Debug|Any CPU.Build.0 = Debug|Any CPU
		{F1B01634-2547-4D98-9E6C-DF2C9C44B0D6}.Release|Any CPU.ActiveCfg = Release|Any CPU
		{F1B01634-2547-4D98-9E6C-DF2C9C44B0D6}.Release|Any CPU.Build.0 = Release|Any CPU
		{ADD324D9-4978-4B0A-8BE5-5E9482C57891}.Debug|Any CPU.ActiveCfg = Debug|Any CPU
		{ADD324D9-4978-4B0A-8BE5-5E9482C57891}.Debug|Any CPU.Build.0 = Debug|Any CPU
		{ADD324D9-4978-4B0A-8BE5-5E9482C57891}.Release|Any CPU.ActiveCfg = Release|Any CPU
		{ADD324D9-4978-4B0A-8BE5-5E9482C57891}.Release|Any CPU.Build.0 = Release|Any CPU
		{5ED4991B-19E1-45FE-ACB6-2854186561F3}.Debug|Any CPU.ActiveCfg = Debug|Any CPU
		{5ED4991B-19E1-45FE-ACB6-2854186561F3}.Debug|Any CPU.Build.0 = Debug|Any CPU
		{5ED4991B-19E1-45FE-ACB6-2854186561F3}.Release|Any CPU.ActiveCfg = Release|Any CPU
		{5ED4991B-19E1-45FE-ACB6-2854186561F3}.Release|Any CPU.Build.0 = Release|Any CPU
	EndGlobalSection
	GlobalSection(SolutionProperties) = preSolution
		HideSolutionNode = FALSE
	EndGlobalSection
	GlobalSection(ExtensibilityGlobals) = postSolution
		SolutionGuid = {AFB182C9-876F-4524-84AA-C05D7CA6226B}
	EndGlobalSection
EndGlobal
