
Microsoft Visual Studio Solution File, Format Version 12.00
# Visual Studio 15
VisualStudioVersion = 15.0.26730.16
MinimumVisualStudioVersion = 10.0.40219.1
Project("{FAE04EC0-301F-11D3-BF4B-00C04F79EFBC}") = "01. URL Decode", "01. URL Decode\01. URL Decode.csproj", "{EB3A4589-3E65-4361-8DC6-8B31823B6661}"
EndProject
Project("{FAE04EC0-301F-11D3-BF4B-00C04F79EFBC}") = "02. Validate URL", "02. Validate URL\02. Validate URL.csproj", "{991858A4-7F94-4D2A-A3C9-20DD3896B86B}"
EndProject
Project("{FAE04EC0-301F-11D3-BF4B-00C04F79EFBC}") = "03. Request Parser", "03. Request Parser\03. Request Parser.csproj", "{86C4DAE4-E8FB-4C7A-BD36-A47806F84994}"
EndProject
Global
	GlobalSection(SolutionConfigurationPlatforms) = preSolution
		Debug|Any CPU = Debug|Any CPU
		Release|Any CPU = Release|Any CPU
	EndGlobalSection
	GlobalSection(ProjectConfigurationPlatforms) = postSolution
		{EB3A4589-3E65-4361-8DC6-8B31823B6661}.Debug|Any CPU.ActiveCfg = Debug|Any CPU
		{EB3A4589-3E65-4361-8DC6-8B31823B6661}.Debug|Any CPU.Build.0 = Debug|Any CPU
		{EB3A4589-3E65-4361-8DC6-8B31823B6661}.Release|Any CPU.ActiveCfg = Release|Any CPU
		{EB3A4589-3E65-4361-8DC6-8B31823B6661}.Release|Any CPU.Build.0 = Release|Any CPU
		{991858A4-7F94-4D2A-A3C9-20DD3896B86B}.Debug|Any CPU.ActiveCfg = Debug|Any CPU
		{991858A4-7F94-4D2A-A3C9-20DD3896B86B}.Debug|Any CPU.Build.0 = Debug|Any CPU
		{991858A4-7F94-4D2A-A3C9-20DD3896B86B}.Release|Any CPU.ActiveCfg = Release|Any CPU
		{991858A4-7F94-4D2A-A3C9-20DD3896B86B}.Release|Any CPU.Build.0 = Release|Any CPU
		{86C4DAE4-E8FB-4C7A-BD36-A47806F84994}.Debug|Any CPU.ActiveCfg = Debug|Any CPU
		{86C4DAE4-E8FB-4C7A-BD36-A47806F84994}.Debug|Any CPU.Build.0 = Debug|Any CPU
		{86C4DAE4-E8FB-4C7A-BD36-A47806F84994}.Release|Any CPU.ActiveCfg = Release|Any CPU
		{86C4DAE4-E8FB-4C7A-BD36-A47806F84994}.Release|Any CPU.Build.0 = Release|Any CPU
	EndGlobalSection
	GlobalSection(SolutionProperties) = preSolution
		HideSolutionNode = FALSE
	EndGlobalSection
	GlobalSection(ExtensibilityGlobals) = postSolution
		SolutionGuid = {5D2F4972-7523-4DC1-A907-FE13E5AD3669}
	EndGlobalSection
EndGlobal
